// !$*UTF8*$!
{
	archiveVersion = 1;
	classes = {
	};
	objectVersion = 51;
	objects = {

/* Begin PBXBuildFile section */
		2547F3C5241800A2005B65B4 /* SWRevealViewController.m in Sources */ = {isa = PBXBuildFile; fileRef = 2547F3C3241800A2005B65B4 /* SWRevealViewController.m */; };
		2547F3C8241806D8005B65B4 /* MenuCell.swift in Sources */ = {isa = PBXBuildFile; fileRef = 2547F3C7241806D8005B65B4 /* MenuCell.swift */; };
		2547F3CA24180709005B65B4 /* MenuViewController.swift in Sources */ = {isa = PBXBuildFile; fileRef = 2547F3C924180709005B65B4 /* MenuViewController.swift */; };
		2547F3CC24181CE7005B65B4 /* Vinayagar.swift in Sources */ = {isa = PBXBuildFile; fileRef = 2547F3CB24181CE7005B65B4 /* Vinayagar.swift */; };
		2547F3CE2418264A005B65B4 /* Model.swift in Sources */ = {isa = PBXBuildFile; fileRef = 2547F3CD2418264A005B65B4 /* Model.swift */; };
		2547F3D02418A376005B65B4 /* File.strings in Resources */ = {isa = PBXBuildFile; fileRef = 2547F3CF2418A376005B65B4 /* File.strings */; };
		2547F3D22418A391005B65B4 /* Thirumurai1.swift in Sources */ = {isa = PBXBuildFile; fileRef = 2547F3D12418A391005B65B4 /* Thirumurai1.swift */; };
		2547F3D42418A8D8005B65B4 /* Thirumurai2.swift in Sources */ = {isa = PBXBuildFile; fileRef = 2547F3D32418A8D8005B65B4 /* Thirumurai2.swift */; };
		2547F3D82418B3D6005B65B4 /* sd1.stringsdict in Resources */ = {isa = PBXBuildFile; fileRef = 2547F3D72418B3D6005B65B4 /* sd1.stringsdict */; };
		2547F3DA2418B3FD005B65B4 /* text1.rtf in Resources */ = {isa = PBXBuildFile; fileRef = 2547F3D92418B3FD005B65B4 /* text1.rtf */; };
		2547F3DC2418F992005B65B4 /* Thirumurai8.swift in Sources */ = {isa = PBXBuildFile; fileRef = 2547F3DB2418F992005B65B4 /* Thirumurai8.swift */; };
		2547F3DF241935DC005B65B4 /* Parser.swift in Sources */ = {isa = PBXBuildFile; fileRef = 2547F3DE241935DC005B65B4 /* Parser.swift */; };
		2547F3E1241938E4005B65B4 /* t1.txt in Resources */ = {isa = PBXBuildFile; fileRef = 2547F3E0241938E4005B65B4 /* t1.txt */; };
		2570F5F12417E94500F003C4 /* AppDelegate.swift in Sources */ = {isa = PBXBuildFile; fileRef = 2570F5F02417E94500F003C4 /* AppDelegate.swift */; };
		2570F5F32417E94500F003C4 /* SceneDelegate.swift in Sources */ = {isa = PBXBuildFile; fileRef = 2570F5F22417E94500F003C4 /* SceneDelegate.swift */; };
		2570F5F52417E94500F003C4 /* MainViewController.swift in Sources */ = {isa = PBXBuildFile; fileRef = 2570F5F42417E94500F003C4 /* MainViewController.swift */; };
		2570F5F82417E94500F003C4 /* Main.storyboard in Resources */ = {isa = PBXBuildFile; fileRef = 2570F5F62417E94500F003C4 /* Main.storyboard */; };
		2570F5FA2417E94700F003C4 /* Assets.xcassets in Resources */ = {isa = PBXBuildFile; fileRef = 2570F5F92417E94700F003C4 /* Assets.xcassets */; };
		2570F5FD2417E94700F003C4 /* LaunchScreen.storyboard in Resources */ = {isa = PBXBuildFile; fileRef = 2570F5FB2417E94700F003C4 /* LaunchScreen.storyboard */; };
		27888A33FFDFCED2A892D5C9 /* Pods_Thevaram.framework in Frameworks */ = {isa = PBXBuildFile; fileRef = 37FCDC3A94A968ABD5FCB1FF /* Pods_Thevaram.framework */; };
/* End PBXBuildFile section */

/* Begin PBXFileReference section */
		0B75A4B0BBD3BCEB47A97C44 /* Pods-Thevaram.release.xcconfig */ = {isa = PBXFileReference; includeInIndex = 1; lastKnownFileType = text.xcconfig; name = "Pods-Thevaram.release.xcconfig"; path = "Target Support Files/Pods-Thevaram/Pods-Thevaram.release.xcconfig"; sourceTree = "<group>"; };
		2547F3C2241800A2005B65B4 /* Thevaram-Bridging-Header.h */ = {isa = PBXFileReference; lastKnownFileType = sourcecode.c.h; path = "Thevaram-Bridging-Header.h"; sourceTree = "<group>"; };
		2547F3C3241800A2005B65B4 /* SWRevealViewController.m */ = {isa = PBXFileReference; fileEncoding = 4; lastKnownFileType = sourcecode.c.objc; path = SWRevealViewController.m; sourceTree = "<group>"; };
		2547F3C4241800A2005B65B4 /* SWRevealViewController.h */ = {isa = PBXFileReference; fileEncoding = 4; lastKnownFileType = sourcecode.c.h; path = SWRevealViewController.h; sourceTree = "<group>"; };
		2547F3C7241806D8005B65B4 /* MenuCell.swift */ = {isa = PBXFileReference; lastKnownFileType = sourcecode.swift; path = MenuCell.swift; sourceTree = "<group>"; };
		2547F3C924180709005B65B4 /* MenuViewController.swift */ = {isa = PBXFileReference; lastKnownFileType = sourcecode.swift; path = MenuViewController.swift; sourceTree = "<group>"; };
		2547F3CB24181CE7005B65B4 /* Vinayagar.swift */ = {isa = PBXFileReference; lastKnownFileType = sourcecode.swift; path = Vinayagar.swift; sourceTree = "<group>"; };
		2547F3CD2418264A005B65B4 /* Model.swift */ = {isa = PBXFileReference; lastKnownFileType = sourcecode.swift; path = Model.swift; sourceTree = "<group>"; };
		2547F3CF2418A376005B65B4 /* File.strings */ = {isa = PBXFileReference; lastKnownFileType = text.plist.strings; path = File.strings; sourceTree = "<group>"; };
		2547F3D12418A391005B65B4 /* Thirumurai1.swift */ = {isa = PBXFileReference; lastKnownFileType = sourcecode.swift; path = Thirumurai1.swift; sourceTree = "<group>"; };
		2547F3D32418A8D8005B65B4 /* Thirumurai2.swift */ = {isa = PBXFileReference; lastKnownFileType = sourcecode.swift; path = Thirumurai2.swift; sourceTree = "<group>"; };
		2547F3D72418B3D6005B65B4 /* sd1.stringsdict */ = {isa = PBXFileReference; lastKnownFileType = text.plist.stringsdict; path = sd1.stringsdict; sourceTree = "<group>"; };
		2547F3D92418B3FD005B65B4 /* text1.rtf */ = {isa = PBXFileReference; lastKnownFileType = text.rtf; path = text1.rtf; sourceTree = "<group>"; };
		2547F3DB2418F992005B65B4 /* Thirumurai8.swift */ = {isa = PBXFileReference; lastKnownFileType = sourcecode.swift; path = Thirumurai8.swift; sourceTree = "<group>"; };
		2547F3DE241935DC005B65B4 /* Parser.swift */ = {isa = PBXFileReference; lastKnownFileType = sourcecode.swift; path = Parser.swift; sourceTree = "<group>"; };
		2547F3E0241938E4005B65B4 /* t1.txt */ = {isa = PBXFileReference; fileEncoding = 4; lastKnownFileType = text; path = t1.txt; sourceTree = "<group>"; };
		2570F5ED2417E94500F003C4 /* Thevaram.app */ = {isa = PBXFileReference; explicitFileType = wrapper.application; includeInIndex = 0; path = Thevaram.app; sourceTree = BUILT_PRODUCTS_DIR; };
		2570F5F02417E94500F003C4 /* AppDelegate.swift */ = {isa = PBXFileReference; lastKnownFileType = sourcecode.swift; path = AppDelegate.swift; sourceTree = "<group>"; };
		2570F5F22417E94500F003C4 /* SceneDelegate.swift */ = {isa = PBXFileReference; lastKnownFileType = sourcecode.swift; path = SceneDelegate.swift; sourceTree = "<group>"; };
		2570F5F42417E94500F003C4 /* MainViewController.swift */ = {isa = PBXFileReference; lastKnownFileType = sourcecode.swift; path = MainViewController.swift; sourceTree = "<group>"; };
		2570F5F72417E94500F003C4 /* Base */ = {isa = PBXFileReference; lastKnownFileType = file.storyboard; name = Base; path = Base.lproj/Main.storyboard; sourceTree = "<group>"; };
		2570F5F92417E94700F003C4 /* Assets.xcassets */ = {isa = PBXFileReference; lastKnownFileType = folder.assetcatalog; path = Assets.xcassets; sourceTree = "<group>"; };
		2570F5FC2417E94700F003C4 /* Base */ = {isa = PBXFileReference; lastKnownFileType = file.storyboard; name = Base; path = Base.lproj/LaunchScreen.storyboard; sourceTree = "<group>"; };
		2570F5FE2417E94700F003C4 /* Info.plist */ = {isa = PBXFileReference; lastKnownFileType = text.plist.xml; path = Info.plist; sourceTree = "<group>"; };
		37FCDC3A94A968ABD5FCB1FF /* Pods_Thevaram.framework */ = {isa = PBXFileReference; explicitFileType = wrapper.framework; includeInIndex = 0; path = Pods_Thevaram.framework; sourceTree = BUILT_PRODUCTS_DIR; };
		52159106F9CA52E1922B0C20 /* Pods-Thevaram.debug.xcconfig */ = {isa = PBXFileReference; includeInIndex = 1; lastKnownFileType = text.xcconfig; name = "Pods-Thevaram.debug.xcconfig"; path = "Target Support Files/Pods-Thevaram/Pods-Thevaram.debug.xcconfig"; sourceTree = "<group>"; };
/* End PBXFileReference section */

/* Begin PBXFrameworksBuildPhase section */
		2570F5EA2417E94500F003C4 /* Frameworks */ = {
			isa = PBXFrameworksBuildPhase;
			buildActionMask = 2147483647;
			files = (
				27888A33FFDFCED2A892D5C9 /* Pods_Thevaram.framework in Frameworks */,
			);
			runOnlyForDeploymentPostprocessing = 0;
		};
/* End PBXFrameworksBuildPhase section */

/* Begin PBXGroup section */
		2547F3C6241800B4005B65B4 /* SupportFiles */ = {
			isa = PBXGroup;
			children = (
				2547F3C4241800A2005B65B4 /* SWRevealViewController.h */,
				2547F3C3241800A2005B65B4 /* SWRevealViewController.m */,
			);
			path = SupportFiles;
			sourceTree = "<group>";
		};
		2547F3D52418A9A3005B65B4 /* Books */ = {
			isa = PBXGroup;
			children = (
				2547F3D12418A391005B65B4 /* Thirumurai1.swift */,
				2547F3D32418A8D8005B65B4 /* Thirumurai2.swift */,
				2547F3DB2418F992005B65B4 /* Thirumurai8.swift */,
			);
			path = Books;
			sourceTree = "<group>";
		};
		2547F3D62418AA0A005B65B4 /* Controller */ = {
			isa = PBXGroup;
			children = (
				2570F5F42417E94500F003C4 /* MainViewController.swift */,
				2547F3C924180709005B65B4 /* MenuViewController.swift */,
			);
			path = Controller;
			sourceTree = "<group>";
		};
		2547F3DD241935C6005B65B4 /* Utils */ = {
			isa = PBXGroup;
			children = (
				2547F3DE241935DC005B65B4 /* Parser.swift */,
			);
			path = Utils;
			sourceTree = "<group>";
		};
		2570F5E42417E94500F003C4 = {
			isa = PBXGroup;
			children = (
				2570F5EF2417E94500F003C4 /* Thevaram */,
				2570F5EE2417E94500F003C4 /* Products */,
				B3A6241A3A1FCA4449C74779 /* Pods */,
				581D0E1E42749B9618DC9D30 /* Frameworks */,
			);
			sourceTree = "<group>";
		};
		2570F5EE2417E94500F003C4 /* Products */ = {
			isa = PBXGroup;
			children = (
				2570F5ED2417E94500F003C4 /* Thevaram.app */,
			);
			name = Products;
			sourceTree = "<group>";
		};
		2570F5EF2417E94500F003C4 /* Thevaram */ = {
			isa = PBXGroup;
			children = (
				2547F3E0241938E4005B65B4 /* t1.txt */,
				2547F3DD241935C6005B65B4 /* Utils */,
				2547F3D62418AA0A005B65B4 /* Controller */,
				2547F3D52418A9A3005B65B4 /* Books */,
				2570F5F02417E94500F003C4 /* AppDelegate.swift */,
				2570F5F22417E94500F003C4 /* SceneDelegate.swift */,
				2547F3C7241806D8005B65B4 /* MenuCell.swift */,
				2547F3CD2418264A005B65B4 /* Model.swift */,
				2570F5F62417E94500F003C4 /* Main.storyboard */,
				2570F5F92417E94700F003C4 /* Assets.xcassets */,
				2570F5FB2417E94700F003C4 /* LaunchScreen.storyboard */,
				2570F5FE2417E94700F003C4 /* Info.plist */,
				2547F3CB24181CE7005B65B4 /* Vinayagar.swift */,
				2547F3C2241800A2005B65B4 /* Thevaram-Bridging-Header.h */,
				2547F3C6241800B4005B65B4 /* SupportFiles */,
				2547F3D72418B3D6005B65B4 /* sd1.stringsdict */,
				2547F3CF2418A376005B65B4 /* File.strings */,
				2547F3D92418B3FD005B65B4 /* text1.rtf */,
			);
			path = Thevaram;
			sourceTree = "<group>";
		};
		581D0E1E42749B9618DC9D30 /* Frameworks */ = {
			isa = PBXGroup;
			children = (
				37FCDC3A94A968ABD5FCB1FF /* Pods_Thevaram.framework */,
			);
			name = Frameworks;
			sourceTree = "<group>";
		};
		B3A6241A3A1FCA4449C74779 /* Pods */ = {
			isa = PBXGroup;
			children = (
				52159106F9CA52E1922B0C20 /* Pods-Thevaram.debug.xcconfig */,
				0B75A4B0BBD3BCEB47A97C44 /* Pods-Thevaram.release.xcconfig */,
			);
			path = Pods;
			sourceTree = "<group>";
		};
/* End PBXGroup section */

/* Begin PBXNativeTarget section */
		2570F5EC2417E94500F003C4 /* Thevaram */ = {
			isa = PBXNativeTarget;
			buildConfigurationList = 2570F6012417E94700F003C4 /* Build configuration list for PBXNativeTarget "Thevaram" */;
			buildPhases = (
				9E9FA91FD9B2E56141E95EDA /* [CP] Check Pods Manifest.lock */,
				2570F5E92417E94500F003C4 /* Sources */,
				2570F5EA2417E94500F003C4 /* Frameworks */,
				2570F5EB2417E94500F003C4 /* Resources */,
				752FBFBB6042832C4928FB48 /* [CP] Embed Pods Frameworks */,
			);
			buildRules = (
			);
			dependencies = (
			);
			name = Thevaram;
			productName = Thevaram;
			productReference = 2570F5ED2417E94500F003C4 /* Thevaram.app */;
			productType = "com.apple.product-type.application";
		};
/* End PBXNativeTarget section */

/* Begin PBXProject section */
		2570F5E52417E94500F003C4 /* Project object */ = {
			isa = PBXProject;
			attributes = {
				LastSwiftUpdateCheck = 1130;
				LastUpgradeCheck = 1130;
				ORGANIZATIONNAME = Karthik;
				TargetAttributes = {
					2570F5EC2417E94500F003C4 = {
						CreatedOnToolsVersion = 11.3;
						LastSwiftMigration = 1130;
					};
				};
			};
			buildConfigurationList = 2570F5E82417E94500F003C4 /* Build configuration list for PBXProject "Thevaram" */;
			compatibilityVersion = "Xcode 9.3";
			developmentRegion = en;
			hasScannedForEncodings = 0;
			knownRegions = (
				en,
				Base,
			);
			mainGroup = 2570F5E42417E94500F003C4;
			productRefGroup = 2570F5EE2417E94500F003C4 /* Products */;
			projectDirPath = "";
			projectRoot = "";
			targets = (
				2570F5EC2417E94500F003C4 /* Thevaram */,
			);
		};
/* End PBXProject section */

/* Begin PBXResourcesBuildPhase section */
		2570F5EB2417E94500F003C4 /* Resources */ = {
			isa = PBXResourcesBuildPhase;
			buildActionMask = 2147483647;
			files = (
				2547F3D02418A376005B65B4 /* File.strings in Resources */,
				2547F3D82418B3D6005B65B4 /* sd1.stringsdict in Resources */,
				2570F5FD2417E94700F003C4 /* LaunchScreen.storyboard in Resources */,
				2570F5FA2417E94700F003C4 /* Assets.xcassets in Resources */,
				2570F5F82417E94500F003C4 /* Main.storyboard in Resources */,
				2547F3E1241938E4005B65B4 /* t1.txt in Resources */,
				2547F3DA2418B3FD005B65B4 /* text1.rtf in Resources */,
			);
			runOnlyForDeploymentPostprocessing = 0;
		};
/* End PBXResourcesBuildPhase section */

/* Begin PBXShellScriptBuildPhase section */
		752FBFBB6042832C4928FB48 /* [CP] Embed Pods Frameworks */ = {
			isa = PBXShellScriptBuildPhase;
			buildActionMask = 2147483647;
			files = (
			);
			inputFileListPaths = (
				"${PODS_ROOT}/Target Support Files/Pods-Thevaram/Pods-Thevaram-frameworks-${CONFIGURATION}-input-files.xcfilelist",
			);
			name = "[CP] Embed Pods Frameworks";
			outputFileListPaths = (
				"${PODS_ROOT}/Target Support Files/Pods-Thevaram/Pods-Thevaram-frameworks-${CONFIGURATION}-output-files.xcfilelist",
			);
			runOnlyForDeploymentPostprocessing = 0;
			shellPath = /bin/sh;
			shellScript = "\"${PODS_ROOT}/Target Support Files/Pods-Thevaram/Pods-Thevaram-frameworks.sh\"\n";
			showEnvVarsInLog = 0;
		};
		9E9FA91FD9B2E56141E95EDA /* [CP] Check Pods Manifest.lock */ = {
			isa = PBXShellScriptBuildPhase;
			buildActionMask = 2147483647;
			files = (
			);
			inputFileListPaths = (
			);
			inputPaths = (
				"${PODS_PODFILE_DIR_PATH}/Podfile.lock",
				"${PODS_ROOT}/Manifest.lock",
			);
			name = "[CP] Check Pods Manifest.lock";
			outputFileListPaths = (
			);
			outputPaths = (
				"$(DERIVED_FILE_DIR)/Pods-Thevaram-checkManifestLockResult.txt",
			);
			runOnlyForDeploymentPostprocessing = 0;
			shellPath = /bin/sh;
			shellScript = "diff \"${PODS_PODFILE_DIR_PATH}/Podfile.lock\" \"${PODS_ROOT}/Manifest.lock\" > /dev/null\nif [ $? != 0 ] ; then\n    # print error to STDERR\n    echo \"error: The sandbox is not in sync with the Podfile.lock. Run 'pod install' or update your CocoaPods installation.\" >&2\n    exit 1\nfi\n# This output is used by Xcode 'outputs' to avoid re-running this script phase.\necho \"SUCCESS\" > \"${SCRIPT_OUTPUT_FILE_0}\"\n";
			showEnvVarsInLog = 0;
		};
/* End PBXShellScriptBuildPhase section */

/* Begin PBXSourcesBuildPhase section */
		2570F5E92417E94500F003C4 /* Sources */ = {
			isa = PBXSourcesBuildPhase;
			buildActionMask = 2147483647;
			files = (
				2547F3DC2418F992005B65B4 /* Thirumurai8.swift in Sources */,
				2570F5F52417E94500F003C4 /* MainViewController.swift in Sources */,
				2547F3D22418A391005B65B4 /* Thirumurai1.swift in Sources */,
				2547F3CA24180709005B65B4 /* MenuViewController.swift in Sources */,
				2547F3C8241806D8005B65B4 /* MenuCell.swift in Sources */,
				2547F3D42418A8D8005B65B4 /* Thirumurai2.swift in Sources */,
				2570F5F12417E94500F003C4 /* AppDelegate.swift in Sources */,
				2570F5F32417E94500F003C4 /* SceneDelegate.swift in Sources */,
				2547F3C5241800A2005B65B4 /* SWRevealViewController.m in Sources */,
				2547F3CC24181CE7005B65B4 /* Vinayagar.swift in Sources */,
				2547F3CE2418264A005B65B4 /* Model.swift in Sources */,
				2547F3DF241935DC005B65B4 /* Parser.swift in Sources */,
			);
			runOnlyForDeploymentPostprocessing = 0;
		};
/* End PBXSourcesBuildPhase section */

/* Begin PBXVariantGroup section */
		2570F5F62417E94500F003C4 /* Main.storyboard */ = {
			isa = PBXVariantGroup;
			children = (
				2570F5F72417E94500F003C4 /* Base */,
			);
			name = Main.storyboard;
			sourceTree = "<group>";
		};
		2570F5FB2417E94700F003C4 /* LaunchScreen.storyboard */ = {
			isa = PBXVariantGroup;
			children = (
				2570F5FC2417E94700F003C4 /* Base */,
			);
			name = LaunchScreen.storyboard;
			sourceTree = "<group>";
		};
/* End PBXVariantGroup section */

/* Begin XCBuildConfiguration section */
		2570F5FF2417E94700F003C4 /* Debug */ = {
			isa = XCBuildConfiguration;
			buildSettings = {
				ALWAYS_SEARCH_USER_PATHS = NO;
				CLANG_ANALYZER_NONNULL = YES;
				CLANG_ANALYZER_NUMBER_OBJECT_CONVERSION = YES_AGGRESSIVE;
				CLANG_CXX_LANGUAGE_STANDARD = "gnu++14";
				CLANG_CXX_LIBRARY = "libc++";
				CLANG_ENABLE_MODULES = YES;
				CLANG_ENABLE_OBJC_ARC = YES;
				CLANG_ENABLE_OBJC_WEAK = YES;
				CLANG_WARN_BLOCK_CAPTURE_AUTORELEASING = YES;
				CLANG_WARN_BOOL_CONVERSION = YES;
				CLANG_WARN_COMMA = YES;
				CLANG_WARN_CONSTANT_CONVERSION = YES;
				CLANG_WARN_DEPRECATED_OBJC_IMPLEMENTATIONS = YES;
				CLANG_WARN_DIRECT_OBJC_ISA_USAGE = YES_ERROR;
				CLANG_WARN_DOCUMENTATION_COMMENTS = YES;
				CLANG_WARN_EMPTY_BODY = YES;
				CLANG_WARN_ENUM_CONVERSION = YES;
				CLANG_WARN_INFINITE_RECURSION = YES;
				CLANG_WARN_INT_CONVERSION = YES;
				CLANG_WARN_NON_LITERAL_NULL_CONVERSION = YES;
				CLANG_WARN_OBJC_IMPLICIT_RETAIN_SELF = YES;
				CLANG_WARN_OBJC_LITERAL_CONVERSION = YES;
				CLANG_WARN_OBJC_ROOT_CLASS = YES_ERROR;
				CLANG_WARN_RANGE_LOOP_ANALYSIS = YES;
				CLANG_WARN_STRICT_PROTOTYPES = YES;
				CLANG_WARN_SUSPICIOUS_MOVE = YES;
				CLANG_WARN_UNGUARDED_AVAILABILITY = YES_AGGRESSIVE;
				CLANG_WARN_UNREACHABLE_CODE = YES;
				CLANG_WARN__DUPLICATE_METHOD_MATCH = YES;
				COPY_PHASE_STRIP = NO;
				DEBUG_INFORMATION_FORMAT = dwarf;
				ENABLE_STRICT_OBJC_MSGSEND = YES;
				ENABLE_TESTABILITY = YES;
				GCC_C_LANGUAGE_STANDARD = gnu11;
				GCC_DYNAMIC_NO_PIC = NO;
				GCC_NO_COMMON_BLOCKS = YES;
				GCC_OPTIMIZATION_LEVEL = 0;
				GCC_PREPROCESSOR_DEFINITIONS = (
					"DEBUG=1",
					"$(inherited)",
				);
				GCC_WARN_64_TO_32_BIT_CONVERSION = YES;
				GCC_WARN_ABOUT_RETURN_TYPE = YES_ERROR;
				GCC_WARN_UNDECLARED_SELECTOR = YES;
				GCC_WARN_UNINITIALIZED_AUTOS = YES_AGGRESSIVE;
				GCC_WARN_UNUSED_FUNCTION = YES;
				GCC_WARN_UNUSED_VARIABLE = YES;
				IPHONEOS_DEPLOYMENT_TARGET = 13.2;
				MTL_ENABLE_DEBUG_INFO = INCLUDE_SOURCE;
				MTL_FAST_MATH = YES;
				ONLY_ACTIVE_ARCH = YES;
				SDKROOT = iphoneos;
				SWIFT_ACTIVE_COMPILATION_CONDITIONS = DEBUG;
				SWIFT_OPTIMIZATION_LEVEL = "-Onone";
			};
			name = Debug;
		};
		2570F6002417E94700F003C4 /* Release */ = {
			isa = XCBuildConfiguration;
			buildSettings = {
				ALWAYS_SEARCH_USER_PATHS = NO;
				CLANG_ANALYZER_NONNULL = YES;
				CLANG_ANALYZER_NUMBER_OBJECT_CONVERSION = YES_AGGRESSIVE;
				CLANG_CXX_LANGUAGE_STANDARD = "gnu++14";
				CLANG_CXX_LIBRARY = "libc++";
				CLANG_ENABLE_MODULES = YES;
				CLANG_ENABLE_OBJC_ARC = YES;
				CLANG_ENABLE_OBJC_WEAK = YES;
				CLANG_WARN_BLOCK_CAPTURE_AUTORELEASING = YES;
				CLANG_WARN_BOOL_CONVERSION = YES;
				CLANG_WARN_COMMA = YES;
				CLANG_WARN_CONSTANT_CONVERSION = YES;
				CLANG_WARN_DEPRECATED_OBJC_IMPLEMENTATIONS = YES;
				CLANG_WARN_DIRECT_OBJC_ISA_USAGE = YES_ERROR;
				CLANG_WARN_DOCUMENTATION_COMMENTS = YES;
				CLANG_WARN_EMPTY_BODY = YES;
				CLANG_WARN_ENUM_CONVERSION = YES;
				CLANG_WARN_INFINITE_RECURSION = YES;
				CLANG_WARN_INT_CONVERSION = YES;
				CLANG_WARN_NON_LITERAL_NULL_CONVERSION = YES;
				CLANG_WARN_OBJC_IMPLICIT_RETAIN_SELF = YES;
				CLANG_WARN_OBJC_LITERAL_CONVERSION = YES;
				CLANG_WARN_OBJC_ROOT_CLASS = YES_ERROR;
				CLANG_WARN_RANGE_LOOP_ANALYSIS = YES;
				CLANG_WARN_STRICT_PROTOTYPES = YES;
				CLANG_WARN_SUSPICIOUS_MOVE = YES;
				CLANG_WARN_UNGUARDED_AVAILABILITY = YES_AGGRESSIVE;
				CLANG_WARN_UNREACHABLE_CODE = YES;
				CLANG_WARN__DUPLICATE_METHOD_MATCH = YES;
				COPY_PHASE_STRIP = NO;
				DEBUG_INFORMATION_FORMAT = "dwarf-with-dsym";
				ENABLE_NS_ASSERTIONS = NO;
				ENABLE_STRICT_OBJC_MSGSEND = YES;
				GCC_C_LANGUAGE_STANDARD = gnu11;
				GCC_NO_COMMON_BLOCKS = YES;
				GCC_WARN_64_TO_32_BIT_CONVERSION = YES;
				GCC_WARN_ABOUT_RETURN_TYPE = YES_ERROR;
				GCC_WARN_UNDECLARED_SELECTOR = YES;
				GCC_WARN_UNINITIALIZED_AUTOS = YES_AGGRESSIVE;
				GCC_WARN_UNUSED_FUNCTION = YES;
				GCC_WARN_UNUSED_VARIABLE = YES;
				IPHONEOS_DEPLOYMENT_TARGET = 13.2;
				MTL_ENABLE_DEBUG_INFO = NO;
				MTL_FAST_MATH = YES;
				SDKROOT = iphoneos;
				SWIFT_COMPILATION_MODE = wholemodule;
				SWIFT_OPTIMIZATION_LEVEL = "-O";
				VALIDATE_PRODUCT = YES;
			};
			name = Release;
		};
		2570F6022417E94700F003C4 /* Debug */ = {
			isa = XCBuildConfiguration;
			baseConfigurationReference = 52159106F9CA52E1922B0C20 /* Pods-Thevaram.debug.xcconfig */;
			buildSettings = {
				ASSETCATALOG_COMPILER_APPICON_NAME = AppIcon;
				CLANG_ENABLE_MODULES = YES;
				CODE_SIGN_STYLE = Automatic;
				DEVELOPMENT_TEAM = 9329W2DN72;
				INFOPLIST_FILE = Thevaram/Info.plist;
				LD_RUNPATH_SEARCH_PATHS = (
					"$(inherited)",
					"@executable_path/Frameworks",
				);
				PRODUCT_BUNDLE_IDENTIFIER = com.duxetech.Thevaram;
				PRODUCT_NAME = "$(TARGET_NAME)";
				SWIFT_OBJC_BRIDGING_HEADER = "Thevaram/Thevaram-Bridging-Header.h";
				SWIFT_OPTIMIZATION_LEVEL = "-Onone";
				SWIFT_VERSION = 5.0;
				TARGETED_DEVICE_FAMILY = "1,2";
			};
			name = Debug;
		};
		2570F6032417E94700F003C4 /* Release */ = {
			isa = XCBuildConfiguration;
			baseConfigurationReference = 0B75A4B0BBD3BCEB47A97C44 /* Pods-Thevaram.release.xcconfig */;
			buildSettings = {
				ASSETCATALOG_COMPILER_APPICON_NAME = AppIcon;
				CLANG_ENABLE_MODULES = YES;
				CODE_SIGN_STYLE = Automatic;
				DEVELOPMENT_TEAM = 9329W2DN72;
				INFOPLIST_FILE = Thevaram/Info.plist;
				LD_RUNPATH_SEARCH_PATHS = (
					"$(inherited)",
					"@executable_path/Frameworks",
				);
				PRODUCT_BUNDLE_IDENTIFIER = com.duxetech.Thevaram;
				PRODUCT_NAME = "$(TARGET_NAME)";
				SWIFT_OBJC_BRIDGING_HEADER = "Thevaram/Thevaram-Bridging-Header.h";
				SWIFT_VERSION = 5.0;
				TARGETED_DEVICE_FAMILY = "1,2";
			};
			name = Release;
		};
/* End XCBuildConfiguration section */

/* Begin XCConfigurationList section */
		2570F5E82417E94500F003C4 /* Build configuration list for PBXProject "Thevaram" */ = {
			isa = XCConfigurationList;
			buildConfigurations = (
				2570F5FF2417E94700F003C4 /* Debug */,
				2570F6002417E94700F003C4 /* Release */,
			);
			defaultConfigurationIsVisible = 0;
			defaultConfigurationName = Release;
		};
		2570F6012417E94700F003C4 /* Build configuration list for PBXNativeTarget "Thevaram" */ = {
			isa = XCConfigurationList;
			buildConfigurations = (
				2570F6022417E94700F003C4 /* Debug */,
				2570F6032417E94700F003C4 /* Release */,
			);
			defaultConfigurationIsVisible = 0;
			defaultConfigurationName = Release;
		};
/* End XCConfigurationList section */
	};
	rootObject = 2570F5E52417E94500F003C4 /* Project object */;
}
